
Microsoft Visual Studio Solution File, Format Version 12.00
# Visual Studio 15
VisualStudioVersion = 15.0.28307.1321
MinimumVisualStudioVersion = 10.0.40219.1
Project("{FAE04EC0-301F-11D3-BF4B-00C04F79EFBC}") = "SNIFF", "SNIFF\SNIFF.csproj", "{B04B83BD-D411-4F46-B56C-6F5CBA4CE2CF}"
EndProject
Global
	GlobalSection(SolutionConfigurationPlatforms) = preSolution
		Debug|Any CPU = Debug|Any CPU
		Release|Any CPU = Release|Any CPU
	EndGlobalSection
	GlobalSection(ProjectConfigurationPlatforms) = postSolution
		{B04B83BD-D411-4F46-B56C-6F5CBA4CE2CF}.Debug|Any CPU.ActiveCfg = Debug|Any CPU
		{B04B83BD-D411-4F46-B56C-6F5CBA4CE2CF}.Debug|Any CPU.Build.0 = Debug|Any CPU
		{B04B83BD-D411-4F46-B56C-6F5CBA4CE2CF}.Release|Any CPU.ActiveCfg = Release|Any CPU
		{B04B83BD-D411-4F46-B56C-6F5CBA4CE2CF}.Release|Any CPU.Build.0 = Release|Any CPU
	EndGlobalSection
	GlobalSection(SolutionProperties) = preSolution
		HideSolutionNode = FALSE
	EndGlobalSection
	GlobalSection(ExtensibilityGlobals) = postSolution
		SolutionGuid = {B9A401CD-69D8-4C55-AD27-71D6C40CC7AB}
	EndGlobalSection
EndGlobal
